github.com/jkeiser/iter v0.0.0-20200628201005-c8aa0ae784d1 h1:smvLGU3obGU5kny71BtE/ibR0wIXRUiRFDmSn0Nxz1E=
github.com/jkeiser/iter v0.0.0-20200628201005-c8aa0ae784d1/go.mod h1:fP/NdyhRVOv09PLRbVXrSqHhrfQypdZwgE2L4h2U5C8=
github.com/jochenvg/go-udev v0.0.0-20240801134859-b65ed646224b h1:Pzf7tldbCVqwl3NnOnTamEWdh/rL41fsoYCn2HdHgRA=
github.com/jochenvg/go-udev v0.0.0-20240801134859-b65ed646224b/go.mod h1:IBDUGq30U56w969YNPomhMbRje1GrhUsCh7tHdwgLXA=
golang.org/x/sys v0.31.0 h1:ioabZlmFYtWhL+TRYpcnNlLwhyxaM9kWTDEmfnprqik=
golang.org/x/sys v0.31.0/go.mod h1:BJP2sWEmIv4KK5OTEluFJCKSidICx8ciO85XgH3Ak8k=
